
Microsoft Visual Studio Solution File, Format Version 12.00
# Visual Studio Version 16
VisualStudioVersion = 16.0.31205.134
MinimumVisualStudioVersion = 10.0.40219.1
Project("{9A19103F-16F7-4668-BE54-9A1E7A4F7556}") = "RestNetCore-API", "RestNetCore-API\RestNetCore-API.csproj", "{CCF3169F-B7FB-4F84-8B80-B26218AE7947}"
EndProject
Project("{FAE04EC0-301F-11D3-BF4B-00C04F79EFBC}") = "WindowsFormsApp-UI", "WindowsFormsApp-UI\WindowsFormsApp-UI.csproj", "{82D95490-7D7D-42F3-BC34-FD68263879E4}"
EndProject
Global
	GlobalSection(SolutionConfigurationPlatforms) = preSolution
		Debug|Any CPU = Debug|Any CPU
		Release|Any CPU = Release|Any CPU
	EndGlobalSection
	GlobalSection(ProjectConfigurationPlatforms) = postSolution
		{CCF3169F-B7FB-4F84-8B80-B26218AE7947}.Debug|Any CPU.ActiveCfg = Debug|Any CPU
		{CCF3169F-B7FB-4F84-8B80-B26218AE7947}.Debug|Any CPU.Build.0 = Debug|Any CPU
		{CCF3169F-B7FB-4F84-8B80-B26218AE7947}.Release|Any CPU.ActiveCfg = Release|Any CPU
		{CCF3169F-B7FB-4F84-8B80-B26218AE7947}.Release|Any CPU.Build.0 = Release|Any CPU
		{82D95490-7D7D-42F3-BC34-FD68263879E4}.Debug|Any CPU.ActiveCfg = Debug|Any CPU
		{82D95490-7D7D-42F3-BC34-FD68263879E4}.Debug|Any CPU.Build.0 = Debug|Any CPU
		{82D95490-7D7D-42F3-BC34-FD68263879E4}.Release|Any CPU.ActiveCfg = Release|Any CPU
		{82D95490-7D7D-42F3-BC34-FD68263879E4}.Release|Any CPU.Build.0 = Release|Any CPU
	EndGlobalSection
	GlobalSection(SolutionProperties) = preSolution
		HideSolutionNode = FALSE
	EndGlobalSection
	GlobalSection(ExtensibilityGlobals) = postSolution
		SolutionGuid = {8A987195-BD38-4C16-AFD5-AE30C2BEA572}
	EndGlobalSection
EndGlobal
